{
  "version": 4,
  "terraform_version": "1.12.2",
  "serial": 13,
  "lineage": "4315aa7f-c6c9-2f8f-2271-fe1f2d0c3958",
  "outputs": {},
  "resources": [
    {
      "module": "module.network",
      "mode": "managed",
      "type": "azurerm_subnet",
      "name": "subnet",
      "provider": "provider[\"registry.terraform.io/hashicorp/azurerm\"]",
      "instances": [
        {
          "index_key": "vnet-dev-AppGatewaySubnet",
          "schema_version": 0,
          "attributes": {
            "address_prefixes": [
              "10.0.20.0/24"
            ],
            "default_outbound_access_enabled": true,
            "delegation": [],
            "id": "/subscriptions/a46e2f32-e4a1-44bf-946c-f3fa4a273aa1/resourceGroups/todo-dev-rg/providers/Microsoft.Network/virtualNetworks/todo-dev-vnet/subnets/AppGatewaySubnet",
            "ip_address_pool": [],
            "name": "AppGatewaySubnet",
            "private_endpoint_network_policies": "Disabled",
            "private_link_service_network_policies_enabled": true,
            "resource_group_name": "todo-dev-rg",
            "service_endpoint_policy_ids": [],
            "service_endpoints": [],
            "sharing_scope": "",
            "timeouts": null,
            "virtual_network_name": "todo-dev-vnet"
          },
          "sensitive_attributes": [],
          "identity_schema_version": 0,
          "identity": {
            "name": "AppGatewaySubnet",
            "resource_group_name": "todo-dev-rg",
            "subscription_id": "a46e2f32-e4a1-44bf-946c-f3fa4a273aa1",
            "virtual_network_name": "todo-dev-vnet"
          },
          "private": "eyJlMmJmYjczMC1lY2FhLTExZTYtOGY4OC0zNDM2M2JjN2M0YzAiOnsiY3JlYXRlIjoxODAwMDAwMDAwMDAwLCJkZWxldGUiOjE4MDAwMDAwMDAwMDAsInJlYWQiOjMwMDAwMDAwMDAwMCwidXBkYXRlIjoxODAwMDAwMDAwMDAwfX0=",
          "dependencies": [
            "module.network.azurerm_virtual_network.vnet",
            "module.rgs.azurerm_resource_group.rgs"
          ]
        },
        {
          "index_key": "vnet-dev-AzureBastionSubnet",
          "schema_version": 0,
          "attributes": {
            "address_prefixes": [
              "10.0.30.0/26"
            ],
            "default_outbound_access_enabled": true,
            "delegation": [],
            "id": "/subscriptions/a46e2f32-e4a1-44bf-946c-f3fa4a273aa1/resourceGroups/todo-dev-rg/providers/Microsoft.Network/virtualNetworks/todo-dev-vnet/subnets/AzureBastionSubnet",
            "ip_address_pool": [],
            "name": "AzureBastionSubnet",
            "private_endpoint_network_policies": "Disabled",
            "private_link_service_network_policies_enabled": true,
            "resource_group_name": "todo-dev-rg",
            "service_endpoint_policy_ids": [],
            "service_endpoints": [],
            "sharing_scope": "",
            "timeouts": null,
            "virtual_network_name": "todo-dev-vnet"
          },
          "sensitive_attributes": [],
          "identity_schema_version": 0,
          "identity": {
            "name": "AzureBastionSubnet",
            "resource_group_name": "todo-dev-rg",
            "subscription_id": "a46e2f32-e4a1-44bf-946c-f3fa4a273aa1",
            "virtual_network_name": "todo-dev-vnet"
          },
          "private": "eyJlMmJmYjczMC1lY2FhLTExZTYtOGY4OC0zNDM2M2JjN2M0YzAiOnsiY3JlYXRlIjoxODAwMDAwMDAwMDAwLCJkZWxldGUiOjE4MDAwMDAwMDAwMDAsInJlYWQiOjMwMDAwMDAwMDAwMCwidXBkYXRlIjoxODAwMDAwMDAwMDAwfX0=",
          "dependencies": [
            "module.network.azurerm_virtual_network.vnet",
            "module.rgs.azurerm_resource_group.rgs"
          ]
        },
        {
          "index_key": "vnet-dev-AzureFirewallSubnet",
          "schema_version": 0,
          "attributes": {
            "address_prefixes": [
              "10.0.10.0/26"
            ],
            "default_outbound_access_enabled": true,
            "delegation": [],
            "id": "/subscriptions/a46e2f32-e4a1-44bf-946c-f3fa4a273aa1/resourceGroups/todo-dev-rg/providers/Microsoft.Network/virtualNetworks/todo-dev-vnet/subnets/AzureFirewallSubnet",
            "ip_address_pool": [],
            "name": "AzureFirewallSubnet",
            "private_endpoint_network_policies": "Disabled",
            "private_link_service_network_policies_enabled": true,
            "resource_group_name": "todo-dev-rg",
            "service_endpoint_policy_ids": [],
            "service_endpoints": [],
            "sharing_scope": "",
            "timeouts": null,
            "virtual_network_name": "todo-dev-vnet"
          },
          "sensitive_attributes": [],
          "identity_schema_version": 0,
          "identity": {
            "name": "AzureFirewallSubnet",
            "resource_group_name": "todo-dev-rg",
            "subscription_id": "a46e2f32-e4a1-44bf-946c-f3fa4a273aa1",
            "virtual_network_name": "todo-dev-vnet"
          },
          "private": "eyJlMmJmYjczMC1lY2FhLTExZTYtOGY4OC0zNDM2M2JjN2M0YzAiOnsiY3JlYXRlIjoxODAwMDAwMDAwMDAwLCJkZWxldGUiOjE4MDAwMDAwMDAwMDAsInJlYWQiOjMwMDAwMDAwMDAwMCwidXBkYXRlIjoxODAwMDAwMDAwMDAwfX0=",
          "dependencies": [
            "module.network.azurerm_virtual_network.vnet",
            "module.rgs.azurerm_resource_group.rgs"
          ]
        },
        {
          "index_key": "vnet-dev-subnet-app",
          "schema_version": 0,
          "attributes": {
            "address_prefixes": [
              "10.0.1.0/24"
            ],
            "default_outbound_access_enabled": true,
            "delegation": [],
            "id": "/subscriptions/a46e2f32-e4a1-44bf-946c-f3fa4a273aa1/resourceGroups/todo-dev-rg/providers/Microsoft.Network/virtualNetworks/todo-dev-vnet/subnets/subnet-app",
            "ip_address_pool": [],
            "name": "subnet-app",
            "private_endpoint_network_policies": "Disabled",
            "private_link_service_network_policies_enabled": true,
            "resource_group_name": "todo-dev-rg",
            "service_endpoint_policy_ids": [],
            "service_endpoints": [],
            "sharing_scope": "",
            "timeouts": null,
            "virtual_network_name": "todo-dev-vnet"
          },
          "sensitive_attributes": [],
          "identity_schema_version": 0,
          "identity": {
            "name": "subnet-app",
            "resource_group_name": "todo-dev-rg",
            "subscription_id": "a46e2f32-e4a1-44bf-946c-f3fa4a273aa1",
            "virtual_network_name": "todo-dev-vnet"
          },
          "private": "eyJlMmJmYjczMC1lY2FhLTExZTYtOGY4OC0zNDM2M2JjN2M0YzAiOnsiY3JlYXRlIjoxODAwMDAwMDAwMDAwLCJkZWxldGUiOjE4MDAwMDAwMDAwMDAsInJlYWQiOjMwMDAwMDAwMDAwMCwidXBkYXRlIjoxODAwMDAwMDAwMDAwfX0=",
          "dependencies": [
            "module.network.azurerm_virtual_network.vnet",
            "module.rgs.azurerm_resource_group.rgs"
          ]
        },
        {
          "index_key": "vnet-dev-subnet-db",
          "schema_version": 0,
          "attributes": {
            "address_prefixes": [
              "10.0.2.0/24"
            ],
            "default_outbound_access_enabled": true,
            "delegation": [],
            "id": "/subscriptions/a46e2f32-e4a1-44bf-946c-f3fa4a273aa1/resourceGroups/todo-dev-rg/providers/Microsoft.Network/virtualNetworks/todo-dev-vnet/subnets/subnet-db",
            "ip_address_pool": [],
            "name": "subnet-db",
            "private_endpoint_network_policies": "Disabled",
            "private_link_service_network_policies_enabled": true,
            "resource_group_name": "todo-dev-rg",
            "service_endpoint_policy_ids": [],
            "service_endpoints": [],
            "sharing_scope": "",
            "timeouts": null,
            "virtual_network_name": "todo-dev-vnet"
          },
          "sensitive_attributes": [],
          "identity_schema_version": 0,
          "identity": {
            "name": "subnet-db",
            "resource_group_name": "todo-dev-rg",
            "subscription_id": "a46e2f32-e4a1-44bf-946c-f3fa4a273aa1",
            "virtual_network_name": "todo-dev-vnet"
          },
          "private": "eyJlMmJmYjczMC1lY2FhLTExZTYtOGY4OC0zNDM2M2JjN2M0YzAiOnsiY3JlYXRlIjoxODAwMDAwMDAwMDAwLCJkZWxldGUiOjE4MDAwMDAwMDAwMDAsInJlYWQiOjMwMDAwMDAwMDAwMCwidXBkYXRlIjoxODAwMDAwMDAwMDAwfX0=",
          "dependencies": [
            "module.network.azurerm_virtual_network.vnet",
            "module.rgs.azurerm_resource_group.rgs"
          ]
        }
      ]
    },
    {
      "module": "module.pips",
      "mode": "managed",
      "type": "azurerm_public_ip",
      "name": "pips",
      "provider": "provider[\"registry.terraform.io/hashicorp/azurerm\"]",
      "instances": [
        {
          "index_key": "agw-pip",
          "schema_version": 0,
          "attributes": {
            "allocation_method": "Static",
            "ddos_protection_mode": "VirtualNetworkInherited",
            "ddos_protection_plan_id": null,
            "domain_name_label": null,
            "domain_name_label_scope": null,
            "edge_zone": "",
            "fqdn": null,
            "id": "/subscriptions/a46e2f32-e4a1-44bf-946c-f3fa4a273aa1/resourceGroups/todo-dev-rg/providers/Microsoft.Network/publicIPAddresses/agw-pip",
            "idle_timeout_in_minutes": 4,
            "ip_address": "172.185.50.58",
            "ip_tags": {},
            "ip_version": "IPv4",
            "location": "westus",
            "name": "agw-pip",
            "public_ip_prefix_id": null,
            "resource_group_name": "todo-dev-rg",
            "reverse_fqdn": null,
            "sku": "Standard",
            "sku_tier": "Regional",
            "tags": {
              "env": "dev",
              "managed": "terraform",
              "project": "todo"
            },
            "timeouts": null,
            "zones": []
          },
          "sensitive_attributes": [],
          "identity_schema_version": 0,
          "private": "eyJlMmJmYjczMC1lY2FhLTExZTYtOGY4OC0zNDM2M2JjN2M0YzAiOnsiY3JlYXRlIjoxODAwMDAwMDAwMDAwLCJkZWxldGUiOjE4MDAwMDAwMDAwMDAsInJlYWQiOjMwMDAwMDAwMDAwMCwidXBkYXRlIjoxODAwMDAwMDAwMDAwfX0=",
          "dependencies": [
            "module.rgs.azurerm_resource_group.rgs"
          ]
        },
        {
          "index_key": "bastion-pip",
          "schema_version": 0,
          "attributes": {
            "allocation_method": "Static",
            "ddos_protection_mode": "VirtualNetworkInherited",
            "ddos_protection_plan_id": null,
            "domain_name_label": null,
            "domain_name_label_scope": null,
            "edge_zone": "",
            "fqdn": null,
            "id": "/subscriptions/a46e2f32-e4a1-44bf-946c-f3fa4a273aa1/resourceGroups/todo-dev-rg/providers/Microsoft.Network/publicIPAddresses/bastion-pip",
            "idle_timeout_in_minutes": 4,
            "ip_address": "52.160.68.198",
            "ip_tags": {},
            "ip_version": "IPv4",
            "location": "westus",
            "name": "bastion-pip",
            "public_ip_prefix_id": null,
            "resource_group_name": "todo-dev-rg",
            "reverse_fqdn": null,
            "sku": "Standard",
            "sku_tier": "Regional",
            "tags": {
              "env": "dev",
              "managed": "terraform",
              "project": "todo"
            },
            "timeouts": null,
            "zones": []
          },
          "sensitive_attributes": [],
          "identity_schema_version": 0,
          "private": "eyJlMmJmYjczMC1lY2FhLTExZTYtOGY4OC0zNDM2M2JjN2M0YzAiOnsiY3JlYXRlIjoxODAwMDAwMDAwMDAwLCJkZWxldGUiOjE4MDAwMDAwMDAwMDAsInJlYWQiOjMwMDAwMDAwMDAwMCwidXBkYXRlIjoxODAwMDAwMDAwMDAwfX0=",
          "dependencies": [
            "module.rgs.azurerm_resource_group.rgs"
          ]
        },
        {
          "index_key": "fw-pip",
          "schema_version": 0,
          "attributes": {
            "allocation_method": "Static",
            "ddos_protection_mode": "VirtualNetworkInherited",
            "ddos_protection_plan_id": null,
            "domain_name_label": null,
            "domain_name_label_scope": null,
            "edge_zone": "",
            "fqdn": null,
            "id": "/subscriptions/a46e2f32-e4a1-44bf-946c-f3fa4a273aa1/resourceGroups/todo-dev-rg/providers/Microsoft.Network/publicIPAddresses/fw-pip",
            "idle_timeout_in_minutes": 4,
            "ip_address": "40.75.136.171",
            "ip_tags": {},
            "ip_version": "IPv4",
            "location": "westus",
            "name": "fw-pip",
            "public_ip_prefix_id": null,
            "resource_group_name": "todo-dev-rg",
            "reverse_fqdn": null,
            "sku": "Standard",
            "sku_tier": "Regional",
            "tags": {
              "env": "dev",
              "managed": "terraform",
              "project": "todo"
            },
            "timeouts": null,
            "zones": []
          },
          "sensitive_attributes": [],
          "identity_schema_version": 0,
          "private": "eyJlMmJmYjczMC1lY2FhLTExZTYtOGY4OC0zNDM2M2JjN2M0YzAiOnsiY3JlYXRlIjoxODAwMDAwMDAwMDAwLCJkZWxldGUiOjE4MDAwMDAwMDAwMDAsInJlYWQiOjMwMDAwMDAwMDAwMCwidXBkYXRlIjoxODAwMDAwMDAwMDAwfX0=",
          "dependencies": [
            "module.rgs.azurerm_resource_group.rgs"
          ]
        }
      ]
    },
    {
      "module": "module.rgs",
      "mode": "managed",
      "type": "azurerm_resource_group",
      "name": "rgs",
      "provider": "provider[\"registry.terraform.io/hashicorp/azurerm\"]",
      "instances": [
        {
          "index_key": "rg1",
          "schema_version": 0,
          "attributes": {
            "id": "/subscriptions/a46e2f32-e4a1-44bf-946c-f3fa4a273aa1/resourceGroups/todo-dev-rg",
            "location": "westus",
            "managed_by": "",
            "name": "todo-dev-rg",
            "tags": {
              "env": "dev",
              "managed": "terraform",
              "project": "todo"
            },
            "timeouts": null
          },
          "sensitive_attributes": [],
          "identity_schema_version": 0,
          "identity": {
            "name": "todo-dev-rg",
            "subscription_id": "a46e2f32-e4a1-44bf-946c-f3fa4a273aa1"
          },
          "private": "eyJlMmJmYjczMC1lY2FhLTExZTYtOGY4OC0zNDM2M2JjN2M0YzAiOnsiY3JlYXRlIjo1NDAwMDAwMDAwMDAwLCJkZWxldGUiOjU0MDAwMDAwMDAwMDAsInJlYWQiOjMwMDAwMDAwMDAwMCwidXBkYXRlIjo1NDAwMDAwMDAwMDAwfX0="
        }
      ]
    }
  ],
  "check_results": null
}
