{
  "version": 4,
  "terraform_version": "1.12.2",
  "serial": 23,
  "lineage": "4315aa7f-c6c9-2f8f-2271-fe1f2d0c3958",
  "outputs": {},
  "resources": [
    {
      "module": "module.rgs",
      "mode": "managed",
      "type": "azurerm_resource_group",
      "name": "rgs",
      "provider": "provider[\"registry.terraform.io/hashicorp/azurerm\"]",
      "instances": [
        {
          "index_key": "rg1",
          "schema_version": 0,
          "attributes": {
            "id": "/subscriptions/a46e2f32-e4a1-44bf-946c-f3fa4a273aa1/resourceGroups/todo-dev-rg",
            "location": "westus",
            "managed_by": "",
            "name": "todo-dev-rg",
            "tags": {
              "env": "dev",
              "managed": "terraform",
              "project": "todo"
            },
            "timeouts": null
          },
          "sensitive_attributes": [],
          "identity_schema_version": 0,
          "identity": {
            "name": "todo-dev-rg",
            "subscription_id": "a46e2f32-e4a1-44bf-946c-f3fa4a273aa1"
          },
          "private": "eyJlMmJmYjczMC1lY2FhLTExZTYtOGY4OC0zNDM2M2JjN2M0YzAiOnsiY3JlYXRlIjo1NDAwMDAwMDAwMDAwLCJkZWxldGUiOjU0MDAwMDAwMDAwMDAsInJlYWQiOjMwMDAwMDAwMDAwMCwidXBkYXRlIjo1NDAwMDAwMDAwMDAwfX0="
        }
      ]
    }
  ],
  "check_results": null
}
